Microsoft Visual Studio Solution File, Format Version 11.00
# Visual C++ Express 2010
Project("{8BC9CEB8-8B4A-11D0-8D11-00A0C91BC942}") = "FFGLBrightness", "FFGLBrightness.vcxproj", "{8EC753F3-118C-41F7-9469-F77F907963C2}"
EndProject
Project("{8BC9CEB8-8B4A-11D0-8D11-00A0C91BC942}") = "FFGLMirror", "FFGLMirror.vcxproj", "{87E03FBB-1636-46CB-9206-6A9B3DF4CDA6}"
EndProject
Project("{8BC9CEB8-8B4A-11D0-8D11-00A0C91BC942}") = "FFGLHeat", "FFGLHeat.vcxproj", "{7E8C43C2-7240-41E0-AC4A-BAB7399E9FAD}"
EndProject
Project("{8BC9CEB8-8B4A-11D0-8D11-00A0C91BC942}") = "FFGLTile", "FFGLTile.vcxproj", "{24E33D8D-7958-46F5-9E7A-98E60452420B}"
EndProject
Project("{8BC9CEB8-8B4A-11D0-8D11-00A0C91BC942}") = "FFGLLumaKey", "FFGLLumaKey.vcxproj", "{7AE78B63-1BA7-40FA-8043-A11F728B7C14}"
EndProject
Project("{8BC9CEB8-8B4A-11D0-8D11-00A0C91BC942}") = "FFGLGradients", "FFGLGradients.vcxproj", "{CCD6ED1C-5CCA-445A-A7C6-C70D4E6D43CF}"
EndProject
Global
	GlobalSection(SolutionConfigurationPlatforms) = preSolution
		Debug|Win32 = Debug|Win32
		Release|Win32 = Release|Win32
	EndGlobalSection
	GlobalSection(ProjectConfigurationPlatforms) = postSolution
		{8EC753F3-118C-41F7-9469-F77F907963C2}.Debug|Win32.ActiveCfg = Debug|Win32
		{8EC753F3-118C-41F7-9469-F77F907963C2}.Debug|Win32.Build.0 = Debug|Win32
		{8EC753F3-118C-41F7-9469-F77F907963C2}.Release|Win32.ActiveCfg = Release|Win32
		{8EC753F3-118C-41F7-9469-F77F907963C2}.Release|Win32.Build.0 = Release|Win32
		{87E03FBB-1636-46CB-9206-6A9B3DF4CDA6}.Debug|Win32.ActiveCfg = Debug|Win32
		{87E03FBB-1636-46CB-9206-6A9B3DF4CDA6}.Debug|Win32.Build.0 = Debug|Win32
		{87E03FBB-1636-46CB-9206-6A9B3DF4CDA6}.Release|Win32.ActiveCfg = Release|Win32
		{87E03FBB-1636-46CB-9206-6A9B3DF4CDA6}.Release|Win32.Build.0 = Release|Win32
		{7E8C43C2-7240-41E0-AC4A-BAB7399E9FAD}.Debug|Win32.ActiveCfg = Debug|Win32
		{7E8C43C2-7240-41E0-AC4A-BAB7399E9FAD}.Release|Win32.ActiveCfg = Release|Win32
		{24E33D8D-7958-46F5-9E7A-98E60452420B}.Debug|Win32.ActiveCfg = Debug|Win32
		{24E33D8D-7958-46F5-9E7A-98E60452420B}.Release|Win32.ActiveCfg = Release|Win32
		{7AE78B63-1BA7-40FA-8043-A11F728B7C14}.Debug|Win32.ActiveCfg = Debug|Win32
		{7AE78B63-1BA7-40FA-8043-A11F728B7C14}.Debug|Win32.Build.0 = Debug|Win32
		{7AE78B63-1BA7-40FA-8043-A11F728B7C14}.Release|Win32.ActiveCfg = Release|Win32
		{7AE78B63-1BA7-40FA-8043-A11F728B7C14}.Release|Win32.Build.0 = Release|Win32
		{CCD6ED1C-5CCA-445A-A7C6-C70D4E6D43CF}.Debug|Win32.ActiveCfg = Debug|Win32
		{CCD6ED1C-5CCA-445A-A7C6-C70D4E6D43CF}.Debug|Win32.Build.0 = Debug|Win32
		{CCD6ED1C-5CCA-445A-A7C6-C70D4E6D43CF}.Release|Win32.ActiveCfg = Release|Win32
		{CCD6ED1C-5CCA-445A-A7C6-C70D4E6D43CF}.Release|Win32.Build.0 = Release|Win32
	EndGlobalSection
	GlobalSection(SolutionProperties) = preSolution
		HideSolutionNode = FALSE
	EndGlobalSection
EndGlobal
